<?xml version="1.0" encoding="utf-8"?>
<Project ToolsVersion="4.0" xmlns="http://schemas.microsoft.com/developer/msbuild/2003">
  <ItemGroup>
    <FxCompile Include="Resources\Shaders\shaderPP_PS.hlsl">
      <Filter>Resource Files\Shaders</Filter>
    </FxCompile>
    <FxCompile Include="Resources\Shaders\shaderPP_VS.hlsl">
      <Filter>Resource Files\Shaders</Filter>
    </FxCompile>
    <FxCompile Include="Resources\Shaders\shader2D_PS.hlsl">
      <Filter>Resource Files\Shaders</Filter>
    </FxCompile>
    <FxCompile Include="Resources\Shaders\shader2D_PS_Discard.hlsl">
      <Filter>Resource Files\Shaders</Filter>
    </FxCompile>
    <FxCompile Include="Resources\Shaders\shader2D_VS.hlsl">
      <Filter>Resource Files\Shaders</Filter>
    </FxCompile>
  </ItemGroup>
  <ItemGroup>
    <ClCompile Include="Application.cpp">
      <Filter>Source Files</Filter>
    </ClCompile>
    <ClCompile Include="WinMain.cpp">
      <Filter>Source Files</Filter>
    </ClCompile>
    <ClCompile Include="Graphics\Graphics.cpp">
      <Filter>Source Files\Graphics</Filter>
    </ClCompile>
    <ClCompile Include="Graphics\ImGuiManager.cpp">
      <Filter>Source Files\Graphics</Filter>
    </ClCompile>
    <ClCompile Include="Graphics\Shaders.cpp">
      <Filter>Source Files\Graphics</Filter>
    </ClCompile>
    <ClCompile Include="Input\Input.cpp">
      <Filter>Source Files\Input</Filter>
    </ClCompile>
    <ClCompile Include="Input\Keyboard.cpp">
      <Filter>Source Files\Input</Filter>
    </ClCompile>
    <ClCompile Include="Input\Mouse.cpp">
      <Filter>Source Files\Input</Filter>
    </ClCompile>
    <ClCompile Include="Utility\stdafx.cpp">
      <Filter>Source Files\Utility</Filter>
    </ClCompile>
    <ClCompile Include="Window\RenderWindow.cpp">
      <Filter>Source Files\Window</Filter>
    </ClCompile>
    <ClCompile Include="Window\WindowContainer.cpp">
      <Filter>Source Files\Window</Filter>
    </ClCompile>
    <ClCompile Include="..\External\imgui\imgui.cpp">
      <Filter>Resource Files\ImGui</Filter>
    </ClCompile>
    <ClCompile Include="..\External\imgui\imgui_demo.cpp">
      <Filter>Resource Files\ImGui</Filter>
    </ClCompile>
    <ClCompile Include="..\External\imgui\imgui_draw.cpp">
      <Filter>Resource Files\ImGui</Filter>
    </ClCompile>
    <ClCompile Include="..\External\imgui\imgui_impl_dx11.cpp">
      <Filter>Resource Files\ImGui</Filter>
    </ClCompile>
    <ClCompile Include="..\External\imgui\imgui_impl_win32.cpp">
      <Filter>Resource Files\ImGui</Filter>
    </ClCompile>
    <ClCompile Include="..\External\imgui\imgui_widgets.cpp">
      <Filter>Resource Files\ImGui</Filter>
    </ClCompile>
    <ClCompile Include="Objects\Camera.cpp">
      <Filter>Source Files\Objects</Filter>
    </ClCompile>
    <ClCompile Include="Events\EventSystem.cpp">
      <Filter>Source Files\Events</Filter>
    </ClCompile>
    <ClCompile Include="Levels\LevelStateMachine.cpp">
      <Filter>Source Files\Levels</Filter>
    </ClCompile>
    <ClCompile Include="Levels\Level.cpp">
      <Filter>Source Files\Levels</Filter>
    </ClCompile>
    <ClCompile Include="Objects\Quad.cpp">
      <Filter>Source Files\Objects</Filter>
    </ClCompile>
    <ClCompile Include="TileMap\TileMapEditor.cpp">
      <Filter>Source Files\TileMap</Filter>
    </ClCompile>
    <ClCompile Include="TileMap\TileMap.cpp">
      <Filter>Source Files\TileMap</Filter>
    </ClCompile>
    <ClCompile Include="TileMap\TileMapDraw.cpp">
      <Filter>Source Files\TileMap</Filter>
    </ClCompile>
    <ClCompile Include="Components\Agent.cpp">
      <Filter>Source Files\Components</Filter>
    </ClCompile>
    <ClCompile Include="Components\Sprite.cpp">
      <Filter>Source Files\Components</Filter>
    </ClCompile>
    <ClCompile Include="Components\Transform.cpp">
      <Filter>Source Files\Components</Filter>
    </ClCompile>
    <ClCompile Include="Components\Physics.cpp">
      <Filter>Source Files\Components</Filter>
    </ClCompile>
    <ClCompile Include="Components\ProjectileManager.cpp">
      <Filter>Source Files\Components</Filter>
    </ClCompile>
    <ClCompile Include="Components\Collider.cpp">
      <Filter>Source Files\Components</Filter>
    </ClCompile>
    <ClCompile Include="Utility\Rendering\Colour.cpp">
      <Filter>Source Files\Utility\Rendering</Filter>
    </ClCompile>
    <ClCompile Include="Utility\Rendering\Texture.cpp">
      <Filter>Source Files\Utility\Rendering</Filter>
    </ClCompile>
    <ClCompile Include="Utility\Errors\ErrorLogger.cpp">
      <Filter>Source Files\Utility\Errors</Filter>
    </ClCompile>
    <ClCompile Include="Utility\Helper\Timer.cpp">
      <Filter>Source Files\Utility\Helper</Filter>
    </ClCompile>
    <ClCompile Include="Utility\Helper\StringHelper.cpp">
      <Filter>Source Files\Utility\Helper</Filter>
    </ClCompile>
    <ClCompile Include="..\External\imgui\imgui_tables.cpp">
      <Filter>Resource Files\ImGui</Filter>
    </ClCompile>
    <ClCompile Include="Objects\Projectile.cpp">
      <Filter>Source Files\Objects</Filter>
    </ClCompile>
    <ClCompile Include="AI\AIStateMachine.cpp">
      <Filter>Source Files\AI</Filter>
    </ClCompile>
    <ClCompile Include="AI\AISeek.cpp">
      <Filter>Source Files\AI</Filter>
    </ClCompile>
    <ClCompile Include="AI\AIPatrol.cpp">
      <Filter>Source Files\AI</Filter>
    </ClCompile>
    <ClCompile Include="AI\AIIdle.cpp">
      <Filter>Source Files\AI</Filter>
    </ClCompile>
    <ClCompile Include="AI\AIFlee.cpp">
      <Filter>Source Files\AI</Filter>
    </ClCompile>
    <ClCompile Include="Utility\Helper\TextRenderer.cpp">
      <Filter>Source Files\Utility\Helper</Filter>
    </ClCompile>
    <ClCompile Include="Utility\Helper\FileLoading.cpp">
      <Filter>Source Files\Utility\Helper</Filter>
    </ClCompile>
    <ClCompile Include="Utility\Helper\ThreadManager.cpp">
      <Filter>Source Files\Utility\Helper</Filter>
    </ClCompile>
    <ClCompile Include="UI\Widgets\PageSlider_Widget.cpp">
      <Filter>Source Files\UI\Widgets</Filter>
    </ClCompile>
    <ClCompile Include="UI\Widgets\Input_Widget.cpp">
      <Filter>Source Files\UI\Widgets</Filter>
    </ClCompile>
    <ClCompile Include="UI\Widgets\Image_Widget.cpp">
      <Filter>Source Files\UI\Widgets</Filter>
    </ClCompile>
    <ClCompile Include="UI\Widgets\EnergyBar_Widget.cpp">
      <Filter>Source Files\UI\Widgets</Filter>
    </ClCompile>
    <ClCompile Include="UI\Widgets\DropDown_Widget.cpp">
      <Filter>Source Files\UI\Widgets</Filter>
    </ClCompile>
    <ClCompile Include="UI\Widgets\DataSlider_Widget.cpp">
      <Filter>Source Files\UI\Widgets</Filter>
    </ClCompile>
    <ClCompile Include="UI\Widgets\ColourBlock_Widget.cpp">
      <Filter>Source Files\UI\Widgets</Filter>
    </ClCompile>
    <ClCompile Include="UI\Widgets\Button_Widget.cpp">
      <Filter>Source Files\UI\Widgets</Filter>
    </ClCompile>
    <ClCompile Include="UI\UIScreen.cpp">
      <Filter>Source Files\UI</Filter>
    </ClCompile>
    <ClCompile Include="UI\UIManager.cpp">
      <Filter>Source Files\UI</Filter>
    </ClCompile>
    <ClCompile Include="Audio\AudioEditor.cpp">
      <Filter>Source Files\Audio</Filter>
    </ClCompile>
    <ClCompile Include="Audio\AudioEngine.cpp">
      <Filter>Source Files\Audio</Filter>
    </ClCompile>
    <ClCompile Include="Audio\VoiceCallback.cpp">
      <Filter>Source Files\Audio</Filter>
    </ClCompile>
    <ClCompile Include="Collisions\CollisionHandler.cpp">
      <Filter>Source Files\Collisions</Filter>
    </ClCompile>
    <ClCompile Include="Utility\Rendering\DDSTextureLoader.cpp">
      <Filter>Source Files\Utility\Rendering</Filter>
    </ClCompile>
    <ClCompile Include="Components\EntityEditor.cpp">
      <Filter>Source Files\Components</Filter>
    </ClCompile>
    <ClCompile Include="Components\EntityController.cpp">
      <Filter>Source Files\Components</Filter>
    </ClCompile>
    <ClCompile Include="Components\Entity.cpp">
      <Filter>Source Files\Components</Filter>
    </ClCompile>
    <ClCompile Include="Components\ProjectileEditor.cpp">
      <Filter>Source Files\Components</Filter>
    </ClCompile>
    <ClCompile Include="AI\AIFollow.cpp">
      <Filter>Source Files\AI</Filter>
    </ClCompile>
    <ClCompile Include="AI\AIWander.cpp">
      <Filter>Source Files\AI</Filter>
    </ClCompile>
    <ClCompile Include="UI\UIEditor.cpp">
      <Filter>Source Files\UI</Filter>
    </ClCompile>
    <ClCompile Include="Collisions\BoxCollider.cpp">
      <Filter>Source Files\Collisions</Filter>
    </ClCompile>
    <ClCompile Include="Collisions\CircleCollider.cpp">
      <Filter>Source Files\Collisions</Filter>
    </ClCompile>
    <ClCompile Include="TileMap\TileMapLoader.cpp">
      <Filter>Source Files\TileMap</Filter>
    </ClCompile>
    <ClCompile Include="Utility\Helper\FileHandler.cpp">
      <Filter>Source Files\Utility\Helper</Filter>
    </ClCompile>
    <ClCompile Include="Collisions\CollisionMatrix.cpp">
      <Filter>Source Files\Collisions</Filter>
    </ClCompile>
    <ClCompile Include="Components\EntityAnimation.cpp">
      <Filter>Source Files\Components</Filter>
    </ClCompile>
    <ClCompile Include="TileMap\TileMapPaintOnMap.cpp">
      <Filter>Source Files\TileMap</Filter>
    </ClCompile>
    <ClCompile Include="Utility\Helper\MouseCapture.cpp">
      <Filter>Source Files\Utility\Helper</Filter>
    </ClCompile>
    <ClCompile Include="Components\Inventory.cpp">
      <Filter>Source Files\Components</Filter>
    </ClCompile>
  </ItemGroup>
  <ItemGroup>
    <ClInclude Include="Application.h">
      <Filter>Header Files</Filter>
    </ClInclude>
    <ClInclude Include="Graphics\Viewport.h">
      <Filter>Header Files\Graphics</Filter>
    </ClInclude>
    <ClInclude Include="Graphics\Shaders.h">
      <Filter>Header Files\Graphics</Filter>
    </ClInclude>
    <ClInclude Include="Graphics\SwapChain.h">
      <Filter>Header Files\Graphics</Filter>
    </ClInclude>
    <ClInclude Include="Graphics\VertexBuffer.h">
      <Filter>Header Files\Graphics</Filter>
    </ClInclude>
    <ClInclude Include="Graphics\Sampler.h">
      <Filter>Header Files\Graphics</Filter>
    </ClInclude>
    <ClInclude Include="Graphics\ImGuiManager.h">
      <Filter>Header Files\Graphics</Filter>
    </ClInclude>
    <ClInclude Include="Graphics\IndexBuffer.h">
      <Filter>Header Files\Graphics</Filter>
    </ClInclude>
    <ClInclude Include="Graphics\Rasterizer.h">
      <Filter>Header Files\Graphics</Filter>
    </ClInclude>
    <ClInclude Include="Graphics\RenderTarget.h">
      <Filter>Header Files\Graphics</Filter>
    </ClInclude>
    <ClInclude Include="Graphics\Graphics.h">
      <Filter>Header Files\Graphics</Filter>
    </ClInclude>
    <ClInclude Include="Graphics\DepthStencil.h">
      <Filter>Header Files\Graphics</Filter>
    </ClInclude>
    <ClInclude Include="Graphics\ConstantBuffer.h">
      <Filter>Header Files\Graphics</Filter>
    </ClInclude>
    <ClInclude Include="Graphics\BackBuffer.h">
      <Filter>Header Files\Graphics</Filter>
    </ClInclude>
    <ClInclude Include="Input\Mouse.h">
      <Filter>Header Files\Input</Filter>
    </ClInclude>
    <ClInclude Include="Input\Keyboard.h">
      <Filter>Header Files\Input</Filter>
    </ClInclude>
    <ClInclude Include="Input\Input.h">
      <Filter>Header Files\Input</Filter>
    </ClInclude>
    <ClInclude Include="Utility\stdafx.h">
      <Filter>Header Files\Utility</Filter>
    </ClInclude>
    <ClInclude Include="Window\WindowContainer.h">
      <Filter>Header Files\Window</Filter>
    </ClInclude>
    <ClInclude Include="Window\RenderWindow.h">
      <Filter>Header Files\Window</Filter>
    </ClInclude>
    <ClInclude Include="Resources\Resource.h">
      <Filter>Resource Files\General</Filter>
    </ClInclude>
    <ClInclude Include="..\External\imgui\imconfig.h">
      <Filter>Resource Files\ImGui</Filter>
    </ClInclude>
    <ClInclude Include="..\External\imgui\imgui.h">
      <Filter>Resource Files\ImGui</Filter>
    </ClInclude>
    <ClInclude Include="..\External\imgui\imgui_impl_dx11.h">
      <Filter>Resource Files\ImGui</Filter>
    </ClInclude>
    <ClInclude Include="..\External\imgui\imgui_impl_win32.h">
      <Filter>Resource Files\ImGui</Filter>
    </ClInclude>
    <ClInclude Include="..\External\imgui\imgui_internal.h">
      <Filter>Resource Files\ImGui</Filter>
    </ClInclude>
    <ClInclude Include="..\External\imgui\imstb_rectpack.h">
      <Filter>Resource Files\ImGui</Filter>
    </ClInclude>
    <ClInclude Include="..\External\imgui\imstb_textedit.h">
      <Filter>Resource Files\ImGui</Filter>
    </ClInclude>
    <ClInclude Include="..\External\imgui\imstb_truetype.h">
      <Filter>Resource Files\ImGui</Filter>
    </ClInclude>
    <ClInclude Include="Objects\Camera.h">
      <Filter>Header Files\Objects</Filter>
    </ClInclude>
    <ClInclude Include="Events\Listener.h">
      <Filter>Header Files\Events</Filter>
    </ClInclude>
    <ClInclude Include="Events\EventSystem.h">
      <Filter>Header Files\Events</Filter>
    </ClInclude>
    <ClInclude Include="Events\Event.h">
      <Filter>Header Files\Events</Filter>
    </ClInclude>
    <ClInclude Include="Levels\LevelStateMachine.h">
      <Filter>Header Files\Levels</Filter>
    </ClInclude>
    <ClInclude Include="Levels\Level.h">
      <Filter>Header Files\Levels</Filter>
    </ClInclude>
    <ClInclude Include="Levels\LevelContainer.h">
      <Filter>Header Files\Levels</Filter>
    </ClInclude>
    <ClInclude Include="Objects\Quad.h">
      <Filter>Header Files\Objects</Filter>
    </ClInclude>
    <ClInclude Include="TileMap\TileMap.h">
      <Filter>Header Files\TileMap</Filter>
    </ClInclude>
    <ClInclude Include="TileMap\TileMapEditor.h">
      <Filter>Header Files\TileMap</Filter>
    </ClInclude>
    <ClInclude Include="TileMap\TileMapDraw.h">
      <Filter>Header Files\TileMap</Filter>
    </ClInclude>
    <ClInclude Include="Components\Transform.h">
      <Filter>Header Files\Components</Filter>
    </ClInclude>
    <ClInclude Include="Components\Sprite.h">
      <Filter>Header Files\Components</Filter>
    </ClInclude>
    <ClInclude Include="Components\Agent.h">
      <Filter>Header Files\Components</Filter>
    </ClInclude>
    <ClInclude Include="Components\Physics.h">
      <Filter>Header Files\Components</Filter>
    </ClInclude>
    <ClInclude Include="Utility\Errors\COMException.h">
      <Filter>Header Files\Utility\Errors</Filter>
    </ClInclude>
    <ClInclude Include="Utility\Errors\ErrorLogger.h">
      <Filter>Header Files\Utility\Errors</Filter>
    </ClInclude>
    <ClInclude Include="Utility\Rendering\DDSTextureLoader.h">
      <Filter>Header Files\Utility\Rendering</Filter>
    </ClInclude>
    <ClInclude Include="Utility\Rendering\Colour.h">
      <Filter>Header Files\Utility\Rendering</Filter>
    </ClInclude>
    <ClInclude Include="Utility\Rendering\Texture.h">
      <Filter>Header Files\Utility\Rendering</Filter>
    </ClInclude>
    <ClInclude Include="Utility\Helper\Vector2f.h">
      <Filter>Header Files\Utility\Helper</Filter>
    </ClInclude>
    <ClInclude Include="Utility\Helper\Timer.h">
      <Filter>Header Files\Utility\Helper</Filter>
    </ClInclude>
    <ClInclude Include="Utility\Helper\StringHelper.h">
      <Filter>Header Files\Utility\Helper</Filter>
    </ClInclude>
    <ClInclude Include="AI\AIStateMachine.h">
      <Filter>Header Files\AI</Filter>
    </ClInclude>
    <ClInclude Include="AI\AIFlee.h">
      <Filter>Header Files\AI</Filter>
    </ClInclude>
    <ClInclude Include="AI\AIIdle.h">
      <Filter>Header Files\AI</Filter>
    </ClInclude>
    <ClInclude Include="AI\AIPatrol.h">
      <Filter>Header Files\AI</Filter>
    </ClInclude>
    <ClInclude Include="AI\AISeek.h">
      <Filter>Header Files\AI</Filter>
    </ClInclude>
    <ClInclude Include="AI\AIState.h">
      <Filter>Header Files\AI</Filter>
    </ClInclude>
    <ClInclude Include="Utility\Helper\TextRenderer.h">
      <Filter>Header Files\Utility\Helper</Filter>
    </ClInclude>
    <ClInclude Include="AI\AIFlee.h">
      <Filter>Header Files\AI</Filter>
    </ClInclude>
    <ClInclude Include="AI\AIIdle.h">
      <Filter>Header Files\AI</Filter>
    </ClInclude>
    <ClInclude Include="AI\AIPatrol.h">
      <Filter>Header Files\AI</Filter>
    </ClInclude>
    <ClInclude Include="AI\AISeek.h">
      <Filter>Header Files\AI</Filter>
    </ClInclude>
    <ClInclude Include="AI\AIState.h">
      <Filter>Header Files\AI</Filter>
    </ClInclude>
    <ClInclude Include="AI\AIStateMachine.h">
      <Filter>Header Files\AI</Filter>
    </ClInclude>
    <ClInclude Include="Objects\Projectile.h">
      <Filter>Header Files\Objects</Filter>
    </ClInclude>
    <ClInclude Include="Utility\Rendering\Shader_Data.h">
      <Filter>Header Files\Utility\Rendering</Filter>
    </ClInclude>
    <ClInclude Include="Utility\Helper\FileLoading.h">
      <Filter>Header Files\Utility\Helper</Filter>
    </ClInclude>
    <ClInclude Include="Utility\Helper\ThreadManager.h">
      <Filter>Header Files\Utility\Helper</Filter>
    </ClInclude>
    <ClInclude Include="UI\Widgets\PageSlider_Widget.h">
      <Filter>Header Files\UI\Widgets</Filter>
    </ClInclude>
    <ClInclude Include="UI\Widgets\Button_Widget.h">
      <Filter>Header Files\UI\Widgets</Filter>
    </ClInclude>
    <ClInclude Include="UI\Widgets\ColourBlock_Widget.h">
      <Filter>Header Files\UI\Widgets</Filter>
    </ClInclude>
    <ClInclude Include="UI\Widgets\DataSlider_Widget.h">
      <Filter>Header Files\UI\Widgets</Filter>
    </ClInclude>
    <ClInclude Include="UI\Widgets\DropDown_Widget.h">
      <Filter>Header Files\UI\Widgets</Filter>
    </ClInclude>
    <ClInclude Include="UI\Widgets\EnergyBar_Widget.h">
      <Filter>Header Files\UI\Widgets</Filter>
    </ClInclude>
    <ClInclude Include="UI\Widgets\Image_Widget.h">
      <Filter>Header Files\UI\Widgets</Filter>
    </ClInclude>
    <ClInclude Include="UI\Widgets\Input_Widget.h">
      <Filter>Header Files\UI\Widgets</Filter>
    </ClInclude>
    <ClInclude Include="UI\UIScreen.h">
      <Filter>Header Files\UI</Filter>
    </ClInclude>
    <ClInclude Include="UI\UIManager.h">
      <Filter>Header Files\UI</Filter>
    </ClInclude>
    <ClInclude Include="UI\Widgets\Widget.h">
      <Filter>Header Files\UI\Widgets</Filter>
    </ClInclude>
    <ClInclude Include="UI\WidgetIncludes.h">
      <Filter>Header Files\UI</Filter>
    </ClInclude>
    <ClInclude Include="Audio\AudioEditor.h">
      <Filter>Header Files\Audio</Filter>
    </ClInclude>
    <ClInclude Include="Audio\AudioEngine.h">
      <Filter>Header Files\Audio</Filter>
    </ClInclude>
    <ClInclude Include="Audio\VoiceCallback.h">
      <Filter>Header Files\Audio</Filter>
    </ClInclude>
    <ClInclude Include="Utility\Helper\JsonLoading.h">
      <Filter>Header Files\Utility\Helper</Filter>
    </ClInclude>
    <ClInclude Include="Collisions\CollisionHandler.h">
      <Filter>Header Files\Collisions</Filter>
    </ClInclude>
    <ClInclude Include="Components\ProjectileManager.h">
      <Filter>Header Files\Components</Filter>
    </ClInclude>
    <ClInclude Include="Components\Collider.h">
      <Filter>Header Files\Components</Filter>
    </ClInclude>
    <ClInclude Include="Collisions\Rect2f.h">
      <Filter>Header Files\Collisions</Filter>
    </ClInclude>
    <ClInclude Include="Components\EntityEditor.h">
      <Filter>Header Files\Components</Filter>
    </ClInclude>
    <ClInclude Include="Components\EntityController.h">
      <Filter>Header Files\Components</Filter>
    </ClInclude>
    <ClInclude Include="Components\Entity.h">
      <Filter>Header Files\Components</Filter>
    </ClInclude>
    <ClInclude Include="Components\ProjectileEditor.h">
      <Filter>Header Files\Components</Filter>
    </ClInclude>
    <ClInclude Include="Utility\Helper\RND.h">
      <Filter>Header Files\Utility\Helper</Filter>
    </ClInclude>
    <ClInclude Include="AI\AIFollow.h">
      <Filter>Header Files\AI</Filter>
    </ClInclude>
    <ClInclude Include="AI\AIWander.h">
      <Filter>Header Files\AI</Filter>
    </ClInclude>
    <ClInclude Include="UI\UIEditor.h">
      <Filter>Header Files\UI</Filter>
    </ClInclude>
    <ClInclude Include="Collisions\BoxCollider.h">
      <Filter>Header Files\Collisions</Filter>
    </ClInclude>
    <ClInclude Include="Collisions\CircleCollider.h">
      <Filter>Header Files\Collisions</Filter>
    </ClInclude>
    <ClInclude Include="Collisions\Collision.h">
      <Filter>Header Files\Collisions</Filter>
    </ClInclude>
    <ClInclude Include="TileMap\TileMapLoader.h">
      <Filter>Header Files\TileMap</Filter>
    </ClInclude>
    <ClInclude Include="Utility\Helper\FileHandler.h">
      <Filter>Header Files\Utility\Helper</Filter>
    </ClInclude>
    <ClInclude Include="Utility\Rendering\ProjectileData.h">
      <Filter>Header Files\Utility\Rendering</Filter>
    </ClInclude>
    <ClInclude Include="Collisions\LayerMask.h">
      <Filter>Header Files\Collisions</Filter>
    </ClInclude>
    <ClInclude Include="Collisions\CollisionMatrix.h">
      <Filter>Header Files\Collisions</Filter>
    </ClInclude>
    <ClInclude Include="TileMap\TileMapPaintOnMap.h">
      <Filter>Header Files\TileMap</Filter>
    </ClInclude>
    <ClInclude Include="Components\EntityAnimation.h">
      <Filter>Header Files\Components</Filter>
    </ClInclude>
    <ClInclude Include="Utility\Helper\MouseCapture.h">
      <Filter>Header Files\Utility\Helper</Filter>
    </ClInclude>
    <ClInclude Include="Utility\Helper\MouseCapture.h">
      <Filter>Header Files\Utility\Helper</Filter>
    </ClInclude>
    <ClInclude Include="Components\Inventory.h">
      <Filter>Header Files\Components</Filter>
    </ClInclude>
  </ItemGroup>
  <ItemGroup>
    <ResourceCompile Include="Resources\Tutorial01.rc">
      <Filter>Resource Files\General</Filter>
    </ResourceCompile>
  </ItemGroup>
  <ItemGroup>
    <Media Include="Resources\Audio\quietlaugh.wav">
      <Filter>Resource Files\Audio</Filter>
    </Media>
    <Media Include="Resources\Audio\creepymusic.wav">
      <Filter>Resource Files\Audio</Filter>
    </Media>
    <Media Include="Resources\Audio\partymusic.wav">
      <Filter>Resource Files\Audio</Filter>
    </Media>
    <Media Include="Resources\Audio\pcm-32bit-44khz-mono.wav">
      <Filter>Resource Files\Audio</Filter>
    </Media>
    <Media Include="Resources\Audio\pcm-32bit-44khz-stereo.wav">
      <Filter>Resource Files\Audio</Filter>
    </Media>
    <Media Include="Resources\Audio\piano2.wav">
      <Filter>Resource Files\Audio</Filter>
    </Media>
    <Media Include="Resources\Audio\bullettest.wav">
      <Filter>Resource Files\Audio</Filter>
    </Media>
  </ItemGroup>
  <ItemGroup>
    <Image Include="Resources\directx.ico">
      <Filter>Resource Files\General</Filter>
    </Image>
    <Image Include="Resources\farm.ico">
      <Filter>Resource Files\General</Filter>
    </Image>
  </ItemGroup>
  <ItemGroup>
    <None Include="Resources\Tutorial01.aps">
      <Filter>Resource Files\General</Filter>
    </None>
    <None Include="Resources\Fonts\open_sans_ms_16.spritefont">
      <Filter>Resource Files\Fonts</Filter>
    </None>
    <None Include="Resources\Fonts\open_sans_ms_16_bold.spritefont">
      <Filter>Resource Files\Fonts</Filter>
    </None>
    <None Include="Resources\Cursors\cur116.cur">
      <Filter>Resource Files\Cursors</Filter>
    </None>
    <None Include="Resources\Cursors\cur117.cur">
      <Filter>Resource Files\Cursors</Filter>
    </None>
    <None Include="Resources\Cursors\cur118.cur">
      <Filter>Resource Files\Cursors</Filter>
    </None>
    <None Include="Resources\Cursors\cur119.cur">
      <Filter>Resource Files\Cursors</Filter>
    </None>
    <None Include="Resources\Cursors\cur220.cur">
      <Filter>Resource Files\Cursors</Filter>
    </None>
    <None Include="Resources\Cursors\cur221.cur">
      <Filter>Resource Files\Cursors</Filter>
    </None>
    <None Include="Resources\Cursors\cur222.cur">
      <Filter>Resource Files\Cursors</Filter>
    </None>
    <None Include="Resources\Cursors\cur223.cur">
      <Filter>Resource Files\Cursors</Filter>
    </None>
    <None Include="cpp.hint">
      <Filter>Resource Files</Filter>
    </None>
    <None Include="Resources\Fonts\beth_ellen_ms_16_bold.spritefont">
      <Filter>Resource Files\Fonts</Filter>
    </None>
    <None Include="Resources\Patterns\DefaultProjectile2.ptn">
      <Filter>Resource Files\Patterns</Filter>
    </None>
    <None Include="Resources\Patterns\SlowCircle.ptn">
      <Filter>Resource Files\Patterns</Filter>
    </None>
    <None Include="Resources\Patterns\SlowWiggle.ptn">
      <Filter>Resource Files\Patterns</Filter>
    </None>
  </ItemGroup>
  <ItemGroup>
    <Filter Include="Source Files">
      <UniqueIdentifier>{4FC737F1-C7A5-4376-A066-2A32D752A2FF}</UniqueIdentifier>
      <Extensions>cpp;c;cc;cxx;c++;cppm;ixx;def;odl;idl;hpj;bat;asm;asmx</Extensions>
    </Filter>
    <Filter Include="Header Files">
      <UniqueIdentifier>{93995380-89BD-4b04-88EB-625FBE52EBFB}</UniqueIdentifier>
      <Extensions>h;hh;hpp;hxx;h++;hm;inl;inc;ipp;xsd</Extensions>
    </Filter>
    <Filter Include="Resource Files">
      <UniqueIdentifier>{67DA6AB6-F800-4c08-8B7A-83BB121AAD01}</UniqueIdentifier>
      <Extensions>rc;ico;cur;bmp;dlg;rc2;rct;bin;rgs;gif;jpg;jpeg;jpe;resx;tiff;tif;png;wav;mfcribbon-ms</Extensions>
    </Filter>
    <Filter Include="Source Files\Graphics">
      <UniqueIdentifier>{1c265d1a-cdfb-4110-9a95-36e583bec175}</UniqueIdentifier>
    </Filter>
    <Filter Include="Source Files\Input">
      <UniqueIdentifier>{4ef3e2a7-a7f4-436c-a003-122da50ed080}</UniqueIdentifier>
    </Filter>
    <Filter Include="Source Files\Window">
      <UniqueIdentifier>{2cb03cf7-fb5e-4be5-9bcc-c0a5c1b54a8b}</UniqueIdentifier>
    </Filter>
    <Filter Include="Source Files\Utility">
      <UniqueIdentifier>{7b19b755-683c-42d7-9e4d-69d1d46de929}</UniqueIdentifier>
    </Filter>
    <Filter Include="Header Files\Graphics">
      <UniqueIdentifier>{07b335b6-97e9-45c1-addb-75113d871add}</UniqueIdentifier>
    </Filter>
    <Filter Include="Header Files\Input">
      <UniqueIdentifier>{01aad1fb-c2cf-4fa7-99a4-8ff55e9f6cb5}</UniqueIdentifier>
    </Filter>
    <Filter Include="Header Files\Window">
      <UniqueIdentifier>{761624e3-c183-4f72-b09f-fc654ec49299}</UniqueIdentifier>
    </Filter>
    <Filter Include="Header Files\Utility">
      <UniqueIdentifier>{f70744d1-2661-4561-bc86-b88282724ce6}</UniqueIdentifier>
    </Filter>
    <Filter Include="Resource Files\Cursors">
      <UniqueIdentifier>{e4d7c737-7831-42c9-babc-7a9e81af24a0}</UniqueIdentifier>
    </Filter>
    <Filter Include="Resource Files\Fonts">
      <UniqueIdentifier>{3bcea6c4-0c04-4399-9333-cff138f29e4f}</UniqueIdentifier>
    </Filter>
    <Filter Include="Resource Files\ImGui">
      <UniqueIdentifier>{148cdaf3-360e-44f0-b0da-3be8f5b34ed7}</UniqueIdentifier>
    </Filter>
    <Filter Include="Resource Files\General">
      <UniqueIdentifier>{451bf5e3-dee0-466d-92d6-9396b3eb801a}</UniqueIdentifier>
    </Filter>
    <Filter Include="Resource Files\Shaders">
      <UniqueIdentifier>{904b6d50-540e-4f00-933a-31b64b9f4848}</UniqueIdentifier>
    </Filter>
    <Filter Include="Header Files\Objects">
      <UniqueIdentifier>{473e687a-a960-4052-bca9-d2e2d16b86aa}</UniqueIdentifier>
    </Filter>
    <Filter Include="Source Files\Objects">
      <UniqueIdentifier>{f3a3532b-24a4-453f-8daf-2c89694343f0}</UniqueIdentifier>
    </Filter>
    <Filter Include="Header Files\Components">
      <UniqueIdentifier>{4ac3cea5-9736-4c1d-b2e4-276a8d0279d0}</UniqueIdentifier>
    </Filter>
    <Filter Include="Source Files\Components">
      <UniqueIdentifier>{926938c6-6f9c-453c-ad1d-e69d86a737f4}</UniqueIdentifier>
    </Filter>
    <Filter Include="Source Files\Events">
      <UniqueIdentifier>{a6ad9698-7a0f-443d-bf69-0c768d64610e}</UniqueIdentifier>
    </Filter>
    <Filter Include="Header Files\Events">
      <UniqueIdentifier>{c78113e1-26e2-43dc-99b0-f3b8092ced66}</UniqueIdentifier>
    </Filter>
    <Filter Include="Header Files\Levels">
      <UniqueIdentifier>{4356bd59-f782-4cea-af65-1834c96d0196}</UniqueIdentifier>
    </Filter>
    <Filter Include="Source Files\Levels">
      <UniqueIdentifier>{63157405-8b77-4488-a262-63f6c9ad9b60}</UniqueIdentifier>
    </Filter>
    <Filter Include="Header Files\TileMap">
      <UniqueIdentifier>{74095f31-b961-41b3-be89-bcb5438140b4}</UniqueIdentifier>
    </Filter>
    <Filter Include="Source Files\TileMap">
      <UniqueIdentifier>{45dd80ba-b825-4c10-bd07-29316f1b6978}</UniqueIdentifier>
    </Filter>
    <Filter Include="Source Files\AI">
      <UniqueIdentifier>{ad96bc81-c018-4772-a87e-17a3d59a1fe3}</UniqueIdentifier>
    </Filter>
    <Filter Include="Header Files\AI">
      <UniqueIdentifier>{3b325e23-ae82-4c6d-93bb-0d6b5cc1cc24}</UniqueIdentifier>
    </Filter>
    <Filter Include="Header Files\Utility\Errors">
      <UniqueIdentifier>{d08afb93-f981-46e0-a49e-4607abdfae6b}</UniqueIdentifier>
    </Filter>
    <Filter Include="Source Files\Utility\Errors">
      <UniqueIdentifier>{ed5dffe5-ec1f-4594-9191-709b0adc1dce}</UniqueIdentifier>
    </Filter>
    <Filter Include="Header Files\Utility\Helper">
      <UniqueIdentifier>{2db431fb-3c7b-492e-a863-fc9376bddc3c}</UniqueIdentifier>
    </Filter>
    <Filter Include="Source Files\Utility\Helper">
      <UniqueIdentifier>{2416d614-899e-4994-9e2f-131a212395a9}</UniqueIdentifier>
    </Filter>
    <Filter Include="Header Files\Utility\Rendering">
      <UniqueIdentifier>{ab592d8e-baf5-4a66-84df-36f3fb42ff41}</UniqueIdentifier>
    </Filter>
    <Filter Include="Source Files\Utility\Rendering">
      <UniqueIdentifier>{991be574-a421-49ca-adb1-442377b2be38}</UniqueIdentifier>
    </Filter>
    <Filter Include="Source Files\UI">
      <UniqueIdentifier>{039835b3-7a46-4904-a279-bb3d83f92270}</UniqueIdentifier>
    </Filter>
    <Filter Include="Source Files\UI\Widgets">
      <UniqueIdentifier>{b7b6245e-f1c4-41af-ab37-7cdc70313a52}</UniqueIdentifier>
    </Filter>
    <Filter Include="Header Files\UI">
      <UniqueIdentifier>{5e854462-49df-4034-b039-3032948113f3}</UniqueIdentifier>
    </Filter>
    <Filter Include="Header Files\UI\Widgets">
      <UniqueIdentifier>{1a9925b2-fc13-4430-a6a1-ceaa1e1494e1}</UniqueIdentifier>
    </Filter>
    <Filter Include="Header Files\Audio">
      <UniqueIdentifier>{66c374fe-dad1-4ef9-892b-31072a9ecb1b}</UniqueIdentifier>
    </Filter>
    <Filter Include="Source Files\Audio">
      <UniqueIdentifier>{713d6a57-b1e5-4a2c-8a28-b9139d44267c}</UniqueIdentifier>
    </Filter>
    <Filter Include="Header Files\Collisions">
      <UniqueIdentifier>{764c75b0-db41-475d-9daf-4d47611d73b5}</UniqueIdentifier>
    </Filter>
    <Filter Include="Source Files\Collisions">
      <UniqueIdentifier>{5e084099-62f0-470a-b385-45663da8e04d}</UniqueIdentifier>
    </Filter>
    <Filter Include="Resource Files\Audio">
      <UniqueIdentifier>{47e99ccd-838d-499d-a988-2f2d6bf7bc6f}</UniqueIdentifier>
    </Filter>
    <Filter Include="Resource Files\Patterns">
      <UniqueIdentifier>{61583ade-1bf6-4f25-9a60-1e28c81ec8a6}</UniqueIdentifier>
    </Filter>
  </ItemGroup>
</Project>